
Microsoft Visual Studio Solution File, Format Version 12.00
# Visual Studio Version 17
VisualStudioVersion = 17.11.35303.130
MinimumVisualStudioVersion = 10.0.40219.1
Project("{2150E333-8FDC-42A3-9474-1A3956D46DE8}") = "Task0", "Task0", "{E03C281E-A3C3-465F-AC33-A15FFC02271C}"
EndProject
Project("{9A19103F-16F7-4668-BE54-9A1E7A4F7556}") = "Tyuiu.StoyakinNM.Sprint3.Task0.V4", "Tyuiu.StoyakinNM.Sprint3.Task0.V4\Tyuiu.StoyakinNM.Sprint3.Task0.V4.csproj", "{F5269213-5613-4340-AEBF-21B1B8692453}"
EndProject
Project("{9A19103F-16F7-4668-BE54-9A1E7A4F7556}") = "Tyuiu.StoyakinNM.Sprint3.Task0.V4.Lib", "Tyuiu.StoyakinNM.Sprint3.Task0.V4.Lib\Tyuiu.StoyakinNM.Sprint3.Task0.V4.Lib.csproj", "{454D30A2-C1B6-44A8-AF2A-989F3F3C2833}"
EndProject
Project("{9A19103F-16F7-4668-BE54-9A1E7A4F7556}") = "Tyuiu.StoyakinNM.Sprint3.Task0.V4.Test", "Tyuiu.StoyakinNM.Sprint3.Task0.V4.Test\Tyuiu.StoyakinNM.Sprint3.Task0.V4.Test.csproj", "{1F19C896-CD8A-47BE-9B3E-A1107C450C48}"
EndProject
Project("{2150E333-8FDC-42A3-9474-1A3956D46DE8}") = "Task1", "Task1", "{442A0204-6AE5-4A4F-9F3C-F5C2F8F0F52C}"
EndProject
Project("{9A19103F-16F7-4668-BE54-9A1E7A4F7556}") = "Tyuiu.StoyakinNM.Sprint3.Task1.V19", "Tyuiu.StoyakinNM.Sprint3.Task1.V19\Tyuiu.StoyakinNM.Sprint3.Task1.V19.csproj", "{62344B08-E14A-40FE-B047-EA49CAC3783C}"
EndProject
Project("{9A19103F-16F7-4668-BE54-9A1E7A4F7556}") = "Tyuiu.StoyakinNM.Sprint3.Task1.V19.Lib", "Tyuiu.StoyakinNM.Sprint3.Task1.V19.Lib\Tyuiu.StoyakinNM.Sprint3.Task1.V19.Lib.csproj", "{229592AF-5103-4648-8B66-C99D749ED107}"
EndProject
Project("{9A19103F-16F7-4668-BE54-9A1E7A4F7556}") = "Tyuiu.StoyakinNM.Sprint3.Task1.V19.Test", "Tyuiu.StoyakinNM.Sprint3.Task1.V19.Test\Tyuiu.StoyakinNM.Sprint3.Task1.V19.Test.csproj", "{AEF4994D-F27D-4937-B5B2-61163E8527D0}"
EndProject
Project("{2150E333-8FDC-42A3-9474-1A3956D46DE8}") = "Task2", "Task2", "{290EBBB7-2332-453F-A0BB-55A56156655C}"
EndProject
Project("{9A19103F-16F7-4668-BE54-9A1E7A4F7556}") = "Tyuiu.StoyakinNM.Sprint3.Task2.V30", "Tyuiu.StoyakinNM.Sprint3.Task2.V30\Tyuiu.StoyakinNM.Sprint3.Task2.V30.csproj", "{62357A5C-D09B-483F-9BC7-D76FD3FE7C33}"
EndProject
Project("{9A19103F-16F7-4668-BE54-9A1E7A4F7556}") = "Tyuiu.StoyakinNM.Sprint3.Task2.V30.Lib", "Tyuiu.StoyakinNM.Sprint3.Task2.V30.Lib\Tyuiu.StoyakinNM.Sprint3.Task2.V30.Lib.csproj", "{E29AB677-52DE-4170-96E5-32F3A4BABAFD}"
EndProject
Project("{9A19103F-16F7-4668-BE54-9A1E7A4F7556}") = "Tyuiu.StoyakinNM.Sprint3.Task2.V30.Test", "Tyuiu.StoyakinNM.Sprint3.Task2.V30.Test\Tyuiu.StoyakinNM.Sprint3.Task2.V30.Test.csproj", "{E0EBEEE6-5A2E-4ED8-A4CA-11E4AFAB8125}"
EndProject
Project("{2150E333-8FDC-42A3-9474-1A3956D46DE8}") = "Task3", "Task3", "{F49CE058-BB31-4CC4-9092-3449C1BD25C7}"
EndProject
Project("{9A19103F-16F7-4668-BE54-9A1E7A4F7556}") = "Tyuiu.StoyakinNM.Sprint3.Task3.V26", "Tyuiu.StoyakinNM.Sprint3.Task3.V26\Tyuiu.StoyakinNM.Sprint3.Task3.V26.csproj", "{8F5C451A-BB76-4EAD-89EA-FE77669E6ADE}"
EndProject
Project("{9A19103F-16F7-4668-BE54-9A1E7A4F7556}") = "Tyuiu.StoyakinNM.Sprint3.Task3.V26.Lib", "Tyuiu.StoyakinNM.Sprint3.Task3.V26.Lib\Tyuiu.StoyakinNM.Sprint3.Task3.V26.Lib.csproj", "{831EB414-CCEA-4F5D-8D09-0818F7783B07}"
EndProject
Project("{9A19103F-16F7-4668-BE54-9A1E7A4F7556}") = "Tyuiu.StoyakinNM.Sprint3.Task3.V26.Test", "Tyuiu.StoyakinNM.Sprint3.Task3.V26.Test\Tyuiu.StoyakinNM.Sprint3.Task3.V26.Test.csproj", "{3A8F4853-0D0A-4589-A836-50144224D3E1}"
EndProject
Project("{2150E333-8FDC-42A3-9474-1A3956D46DE8}") = "Task4", "Task4", "{1E2065E3-5459-43FE-A0DF-BC418812080B}"
EndProject
Project("{9A19103F-16F7-4668-BE54-9A1E7A4F7556}") = "Tyuiu.StoyakinNM.Sprint3.Task4.V10", "Tyuiu.StoyakinNM.Sprint3.Task4.V10\Tyuiu.StoyakinNM.Sprint3.Task4.V10.csproj", "{4E95AA68-691F-4981-A2D8-C3A220555B14}"
EndProject
Project("{9A19103F-16F7-4668-BE54-9A1E7A4F7556}") = "Tyuiu.StoyakinNM.Sprint3.Task4.V10.Lib", "Tyuiu.StoyakinNM.Sprint3.Task4.V10.Lib\Tyuiu.StoyakinNM.Sprint3.Task4.V10.Lib.csproj", "{62822507-C2FA-4332-A2A9-3330332EA28E}"
EndProject
Project("{9A19103F-16F7-4668-BE54-9A1E7A4F7556}") = "Tyuiu.StoyakinNM.Sprint3.Task4.V10.Test", "Tyuiu.StoyakinNM.Sprint3.Task4.V10.Test\Tyuiu.StoyakinNM.Sprint3.Task4.V10.Test.csproj", "{EF09CD69-72F2-423C-A223-A7FEE581581F}"
EndProject
Project("{2150E333-8FDC-42A3-9474-1A3956D46DE8}") = "Task5", "Task5", "{64C1183D-FBCB-48C9-BD77-97C0F0243FDE}"
EndProject
Project("{FAE04EC0-301F-11D3-BF4B-00C04F79EFBC}") = "Tyuiu.StoyakinNM.Sprint3.Task5.V21", "Tyuiu.StoyakinNM.Sprint3.Task5.V21\Tyuiu.StoyakinNM.Sprint3.Task5.V21.csproj", "{F0DBA221-C00B-4118-9D25-CE6AD9C39174}"
EndProject
Project("{FAE04EC0-301F-11D3-BF4B-00C04F79EFBC}") = "Tyuiu.StoyakinNM.Sprint3.Task5.V21.Lib", "Tyuiu.StoyakinNM.Sprint3.Task5.V21.Lib\Tyuiu.StoyakinNM.Sprint3.Task5.V21.Lib.csproj", "{F56F993B-7406-4D72-87A1-BE060F5E89B0}"
EndProject
Project("{FAE04EC0-301F-11D3-BF4B-00C04F79EFBC}") = "Tyuiu.StoyakinNM.Sprint3.Task5.V21.Test", "Tyuiu.StoyakinNM.Sprint3.Task5.V21.Test\Tyuiu.StoyakinNM.Sprint3.Task5.V21.Test.csproj", "{481FFCBC-3300-4525-9EF1-740B780418D2}"
EndProject
Global
	GlobalSection(SolutionConfigurationPlatforms) = preSolution
		Debug|Any CPU = Debug|Any CPU
		Release|Any CPU = Release|Any CPU
	EndGlobalSection
	GlobalSection(ProjectConfigurationPlatforms) = postSolution
		{F5269213-5613-4340-AEBF-21B1B8692453}.Debug|Any CPU.ActiveCfg = Debug|Any CPU
		{F5269213-5613-4340-AEBF-21B1B8692453}.Debug|Any CPU.Build.0 = Debug|Any CPU
		{F5269213-5613-4340-AEBF-21B1B8692453}.Release|Any CPU.ActiveCfg = Release|Any CPU
		{F5269213-5613-4340-AEBF-21B1B8692453}.Release|Any CPU.Build.0 = Release|Any CPU
		{454D30A2-C1B6-44A8-AF2A-989F3F3C2833}.Debug|Any CPU.ActiveCfg = Debug|Any CPU
		{454D30A2-C1B6-44A8-AF2A-989F3F3C2833}.Debug|Any CPU.Build.0 = Debug|Any CPU
		{454D30A2-C1B6-44A8-AF2A-989F3F3C2833}.Release|Any CPU.ActiveCfg = Release|Any CPU
		{454D30A2-C1B6-44A8-AF2A-989F3F3C2833}.Release|Any CPU.Build.0 = Release|Any CPU
		{1F19C896-CD8A-47BE-9B3E-A1107C450C48}.Debug|Any CPU.ActiveCfg = Debug|Any CPU
		{1F19C896-CD8A-47BE-9B3E-A1107C450C48}.Debug|Any CPU.Build.0 = Debug|Any CPU
		{1F19C896-CD8A-47BE-9B3E-A1107C450C48}.Release|Any CPU.ActiveCfg = Release|Any CPU
		{1F19C896-CD8A-47BE-9B3E-A1107C450C48}.Release|Any CPU.Build.0 = Release|Any CPU
		{62344B08-E14A-40FE-B047-EA49CAC3783C}.Debug|Any CPU.ActiveCfg = Debug|Any CPU
		{62344B08-E14A-40FE-B047-EA49CAC3783C}.Debug|Any CPU.Build.0 = Debug|Any CPU
		{62344B08-E14A-40FE-B047-EA49CAC3783C}.Release|Any CPU.ActiveCfg = Release|Any CPU
		{62344B08-E14A-40FE-B047-EA49CAC3783C}.Release|Any CPU.Build.0 = Release|Any CPU
		{229592AF-5103-4648-8B66-C99D749ED107}.Debug|Any CPU.ActiveCfg = Debug|Any CPU
		{229592AF-5103-4648-8B66-C99D749ED107}.Debug|Any CPU.Build.0 = Debug|Any CPU
		{229592AF-5103-4648-8B66-C99D749ED107}.Release|Any CPU.ActiveCfg = Release|Any CPU
		{229592AF-5103-4648-8B66-C99D749ED107}.Release|Any CPU.Build.0 = Release|Any CPU
		{AEF4994D-F27D-4937-B5B2-61163E8527D0}.Debug|Any CPU.ActiveCfg = Debug|Any CPU
		{AEF4994D-F27D-4937-B5B2-61163E8527D0}.Debug|Any CPU.Build.0 = Debug|Any CPU
		{AEF4994D-F27D-4937-B5B2-61163E8527D0}.Release|Any CPU.ActiveCfg = Release|Any CPU
		{AEF4994D-F27D-4937-B5B2-61163E8527D0}.Release|Any CPU.Build.0 = Release|Any CPU
		{62357A5C-D09B-483F-9BC7-D76FD3FE7C33}.Debug|Any CPU.ActiveCfg = Debug|Any CPU
		{62357A5C-D09B-483F-9BC7-D76FD3FE7C33}.Debug|Any CPU.Build.0 = Debug|Any CPU
		{62357A5C-D09B-483F-9BC7-D76FD3FE7C33}.Release|Any CPU.ActiveCfg = Release|Any CPU
		{62357A5C-D09B-483F-9BC7-D76FD3FE7C33}.Release|Any CPU.Build.0 = Release|Any CPU
		{E29AB677-52DE-4170-96E5-32F3A4BABAFD}.Debug|Any CPU.ActiveCfg = Debug|Any CPU
		{E29AB677-52DE-4170-96E5-32F3A4BABAFD}.Debug|Any CPU.Build.0 = Debug|Any CPU
		{E29AB677-52DE-4170-96E5-32F3A4BABAFD}.Release|Any CPU.ActiveCfg = Release|Any CPU
		{E29AB677-52DE-4170-96E5-32F3A4BABAFD}.Release|Any CPU.Build.0 = Release|Any CPU
		{E0EBEEE6-5A2E-4ED8-A4CA-11E4AFAB8125}.Debug|Any CPU.ActiveCfg = Debug|Any CPU
		{E0EBEEE6-5A2E-4ED8-A4CA-11E4AFAB8125}.Debug|Any CPU.Build.0 = Debug|Any CPU
		{E0EBEEE6-5A2E-4ED8-A4CA-11E4AFAB8125}.Release|Any CPU.ActiveCfg = Release|Any CPU
		{E0EBEEE6-5A2E-4ED8-A4CA-11E4AFAB8125}.Release|Any CPU.Build.0 = Release|Any CPU
		{8F5C451A-BB76-4EAD-89EA-FE77669E6ADE}.Debug|Any CPU.ActiveCfg = Debug|Any CPU
		{8F5C451A-BB76-4EAD-89EA-FE77669E6ADE}.Debug|Any CPU.Build.0 = Debug|Any CPU
		{8F5C451A-BB76-4EAD-89EA-FE77669E6ADE}.Release|Any CPU.ActiveCfg = Release|Any CPU
		{8F5C451A-BB76-4EAD-89EA-FE77669E6ADE}.Release|Any CPU.Build.0 = Release|Any CPU
		{831EB414-CCEA-4F5D-8D09-0818F7783B07}.Debug|Any CPU.ActiveCfg = Debug|Any CPU
		{831EB414-CCEA-4F5D-8D09-0818F7783B07}.Debug|Any CPU.Build.0 = Debug|Any CPU
		{831EB414-CCEA-4F5D-8D09-0818F7783B07}.Release|Any CPU.ActiveCfg = Release|Any CPU
		{831EB414-CCEA-4F5D-8D09-0818F7783B07}.Release|Any CPU.Build.0 = Release|Any CPU
		{3A8F4853-0D0A-4589-A836-50144224D3E1}.Debug|Any CPU.ActiveCfg = Debug|Any CPU
		{3A8F4853-0D0A-4589-A836-50144224D3E1}.Debug|Any CPU.Build.0 = Debug|Any CPU
		{3A8F4853-0D0A-4589-A836-50144224D3E1}.Release|Any CPU.ActiveCfg = Release|Any CPU
		{3A8F4853-0D0A-4589-A836-50144224D3E1}.Release|Any CPU.Build.0 = Release|Any CPU
		{4E95AA68-691F-4981-A2D8-C3A220555B14}.Debug|Any CPU.ActiveCfg = Debug|Any CPU
		{4E95AA68-691F-4981-A2D8-C3A220555B14}.Debug|Any CPU.Build.0 = Debug|Any CPU
		{4E95AA68-691F-4981-A2D8-C3A220555B14}.Release|Any CPU.ActiveCfg = Release|Any CPU
		{4E95AA68-691F-4981-A2D8-C3A220555B14}.Release|Any CPU.Build.0 = Release|Any CPU
		{62822507-C2FA-4332-A2A9-3330332EA28E}.Debug|Any CPU.ActiveCfg = Debug|Any CPU
		{62822507-C2FA-4332-A2A9-3330332EA28E}.Debug|Any CPU.Build.0 = Debug|Any CPU
		{62822507-C2FA-4332-A2A9-3330332EA28E}.Release|Any CPU.ActiveCfg = Release|Any CPU
		{62822507-C2FA-4332-A2A9-3330332EA28E}.Release|Any CPU.Build.0 = Release|Any CPU
		{EF09CD69-72F2-423C-A223-A7FEE581581F}.Debug|Any CPU.ActiveCfg = Debug|Any CPU
		{EF09CD69-72F2-423C-A223-A7FEE581581F}.Debug|Any CPU.Build.0 = Debug|Any CPU
		{EF09CD69-72F2-423C-A223-A7FEE581581F}.Release|Any CPU.ActiveCfg = Release|Any CPU
		{EF09CD69-72F2-423C-A223-A7FEE581581F}.Release|Any CPU.Build.0 = Release|Any CPU
		{F0DBA221-C00B-4118-9D25-CE6AD9C39174}.Debug|Any CPU.ActiveCfg = Debug|Any CPU
		{F0DBA221-C00B-4118-9D25-CE6AD9C39174}.Debug|Any CPU.Build.0 = Debug|Any CPU
		{F0DBA221-C00B-4118-9D25-CE6AD9C39174}.Release|Any CPU.ActiveCfg = Release|Any CPU
		{F0DBA221-C00B-4118-9D25-CE6AD9C39174}.Release|Any CPU.Build.0 = Release|Any CPU
		{F56F993B-7406-4D72-87A1-BE060F5E89B0}.Debug|Any CPU.ActiveCfg = Debug|Any CPU
		{F56F993B-7406-4D72-87A1-BE060F5E89B0}.Debug|Any CPU.Build.0 = Debug|Any CPU
		{F56F993B-7406-4D72-87A1-BE060F5E89B0}.Release|Any CPU.ActiveCfg = Release|Any CPU
		{F56F993B-7406-4D72-87A1-BE060F5E89B0}.Release|Any CPU.Build.0 = Release|Any CPU
		{481FFCBC-3300-4525-9EF1-740B780418D2}.Debug|Any CPU.ActiveCfg = Debug|Any CPU
		{481FFCBC-3300-4525-9EF1-740B780418D2}.Debug|Any CPU.Build.0 = Debug|Any CPU
		{481FFCBC-3300-4525-9EF1-740B780418D2}.Release|Any CPU.ActiveCfg = Release|Any CPU
		{481FFCBC-3300-4525-9EF1-740B780418D2}.Release|Any CPU.Build.0 = Release|Any CPU
	EndGlobalSection
	GlobalSection(SolutionProperties) = preSolution
		HideSolutionNode = FALSE
	EndGlobalSection
	GlobalSection(NestedProjects) = preSolution
		{F5269213-5613-4340-AEBF-21B1B8692453} = {E03C281E-A3C3-465F-AC33-A15FFC02271C}
		{454D30A2-C1B6-44A8-AF2A-989F3F3C2833} = {E03C281E-A3C3-465F-AC33-A15FFC02271C}
		{1F19C896-CD8A-47BE-9B3E-A1107C450C48} = {E03C281E-A3C3-465F-AC33-A15FFC02271C}
		{62344B08-E14A-40FE-B047-EA49CAC3783C} = {442A0204-6AE5-4A4F-9F3C-F5C2F8F0F52C}
		{229592AF-5103-4648-8B66-C99D749ED107} = {442A0204-6AE5-4A4F-9F3C-F5C2F8F0F52C}
		{AEF4994D-F27D-4937-B5B2-61163E8527D0} = {442A0204-6AE5-4A4F-9F3C-F5C2F8F0F52C}
		{62357A5C-D09B-483F-9BC7-D76FD3FE7C33} = {290EBBB7-2332-453F-A0BB-55A56156655C}
		{E29AB677-52DE-4170-96E5-32F3A4BABAFD} = {290EBBB7-2332-453F-A0BB-55A56156655C}
		{E0EBEEE6-5A2E-4ED8-A4CA-11E4AFAB8125} = {290EBBB7-2332-453F-A0BB-55A56156655C}
		{8F5C451A-BB76-4EAD-89EA-FE77669E6ADE} = {F49CE058-BB31-4CC4-9092-3449C1BD25C7}
		{831EB414-CCEA-4F5D-8D09-0818F7783B07} = {F49CE058-BB31-4CC4-9092-3449C1BD25C7}
		{3A8F4853-0D0A-4589-A836-50144224D3E1} = {F49CE058-BB31-4CC4-9092-3449C1BD25C7}
		{4E95AA68-691F-4981-A2D8-C3A220555B14} = {1E2065E3-5459-43FE-A0DF-BC418812080B}
		{62822507-C2FA-4332-A2A9-3330332EA28E} = {1E2065E3-5459-43FE-A0DF-BC418812080B}
		{EF09CD69-72F2-423C-A223-A7FEE581581F} = {1E2065E3-5459-43FE-A0DF-BC418812080B}
		{F0DBA221-C00B-4118-9D25-CE6AD9C39174} = {64C1183D-FBCB-48C9-BD77-97C0F0243FDE}
		{F56F993B-7406-4D72-87A1-BE060F5E89B0} = {64C1183D-FBCB-48C9-BD77-97C0F0243FDE}
		{481FFCBC-3300-4525-9EF1-740B780418D2} = {64C1183D-FBCB-48C9-BD77-97C0F0243FDE}
	EndGlobalSection
	GlobalSection(ExtensibilityGlobals) = postSolution
		SolutionGuid = {A3EA78F4-F256-4E89-B0D2-7783B53D8701}
	EndGlobalSection
EndGlobal
